// !$*UTF8*$!
{
	archiveVersion = 1;
	classes = {
	};
	objectVersion = 46;
	objects = {

/* Begin PBXBuildFile section */
		7CCF7A9B1EF7E3C6005EFF28 /* AppDelegate.swift in Sources */ = {isa = PBXBuildFile; fileRef = 7CCF7A9A1EF7E3C6005EFF28 /* AppDelegate.swift */; };
		7CCF7A9D1EF7E3C6005EFF28 /* ViewController.swift in Sources */ = {isa = PBXBuildFile; fileRef = 7CCF7A9C1EF7E3C6005EFF28 /* ViewController.swift */; };
		7CCF7AA01EF7E3C6005EFF28 /* Main.storyboard in Resources */ = {isa = PBXBuildFile; fileRef = 7CCF7A9E1EF7E3C6005EFF28 /* Main.storyboard */; };
		7CCF7AA31EF7E3C6005EFF28 /* GameTest.xcdatamodeld in Sources */ = {isa = PBXBuildFile; fileRef = 7CCF7AA11EF7E3C6005EFF28 /* GameTest.xcdatamodeld */; };
		7CCF7AA51EF7E3C6005EFF28 /* Assets.xcassets in Resources */ = {isa = PBXBuildFile; fileRef = 7CCF7AA41EF7E3C6005EFF28 /* Assets.xcassets */; };
		7CCF7AA81EF7E3C6005EFF28 /* LaunchScreen.storyboard in Resources */ = {isa = PBXBuildFile; fileRef = 7CCF7AA61EF7E3C6005EFF28 /* LaunchScreen.storyboard */; };
		7CCF7AC31EFAA829005EFF28 /* default_down.png in Resources */ = {isa = PBXBuildFile; fileRef = 7CCF7AC11EFAA829005EFF28 /* default_down.png */; };
		7CCF7AC41EFAA829005EFF28 /* ZHDropDownMenu.swift in Sources */ = {isa = PBXBuildFile; fileRef = 7CCF7AC21EFAA829005EFF28 /* ZHDropDownMenu.swift */; };
		7CCF7AC61F03D101005EFF28 /* ViewControllerTest1.swift in Sources */ = {isa = PBXBuildFile; fileRef = 7CCF7AC51F03D101005EFF28 /* ViewControllerTest1.swift */; };
		7CCFBE201F13974B00C661CA /* ViewControllerTest2.swift in Sources */ = {isa = PBXBuildFile; fileRef = 7CCFBE1F1F13974B00C661CA /* ViewControllerTest2.swift */; };
		7CCFBE221F164A9B00C661CA /* ViewControllerTest3.swift in Sources */ = {isa = PBXBuildFile; fileRef = 7CCFBE211F164A9B00C661CA /* ViewControllerTest3.swift */; };
		7CCFBE251F18F0D800C661CA /* myIcon.png in Resources */ = {isa = PBXBuildFile; fileRef = 7CCFBE241F18F0D800C661CA /* myIcon.png */; };
		7CCFBE271F18F0E000C661CA /* myIcon2png.png in Resources */ = {isa = PBXBuildFile; fileRef = 7CCFBE261F18F0E000C661CA /* myIcon2png.png */; };
		7CCFBE331F18F3CE00C661CA /* i7+-1.png in Resources */ = {isa = PBXBuildFile; fileRef = 7CCFBE291F18F3CE00C661CA /* i7+-1.png */; };
		7CCFBE341F18F3CE00C661CA /* i7-1.png in Resources */ = {isa = PBXBuildFile; fileRef = 7CCFBE2A1F18F3CE00C661CA /* i7-1.png */; };
		7CCFBE351F18F3CE00C661CA /* i7-2.png in Resources */ = {isa = PBXBuildFile; fileRef = 7CCFBE2B1F18F3CE00C661CA /* i7-2.png */; };
		7CCFBE361F18F3CE00C661CA /* i7+-2.png in Resources */ = {isa = PBXBuildFile; fileRef = 7CCFBE2C1F18F3CE00C661CA /* i7+-2.png */; };
		7CCFBE371F18F3CE00C661CA /* i7+-3.png in Resources */ = {isa = PBXBuildFile; fileRef = 7CCFBE2D1F18F3CE00C661CA /* i7+-3.png */; };
		7CCFBE381F18F3CE00C661CA /* i7-3.png in Resources */ = {isa = PBXBuildFile; fileRef = 7CCFBE2E1F18F3CE00C661CA /* i7-3.png */; };
		7CCFBE391F18F3CE00C661CA /* i7-4.png in Resources */ = {isa = PBXBuildFile; fileRef = 7CCFBE2F1F18F3CE00C661CA /* i7-4.png */; };
		7CCFBE3A1F18F3CE00C661CA /* i7+-4.png in Resources */ = {isa = PBXBuildFile; fileRef = 7CCFBE301F18F3CE00C661CA /* i7+-4.png */; };
		7CCFBE3B1F18F3CE00C661CA /* i7+-5.png in Resources */ = {isa = PBXBuildFile; fileRef = 7CCFBE311F18F3CE00C661CA /* i7+-5.png */; };
		7CCFBE3C1F18F3CE00C661CA /* i7-5.png in Resources */ = {isa = PBXBuildFile; fileRef = 7CCFBE321F18F3CE00C661CA /* i7-5.png */; };
		8BD892F7E9BE3C09847DB9DD /* Pods_GameTest.framework in Frameworks */ = {isa = PBXBuildFile; fileRef = 9A680D496B460C4F6B058EF6 /* Pods_GameTest.framework */; };
/* End PBXBuildFile section */

/* Begin PBXFileReference section */
		740AF870DE8E8B1BF1C28A7E /* Pods-GameTest.release.xcconfig */ = {isa = PBXFileReference; includeInIndex = 1; lastKnownFileType = text.xcconfig; name = "Pods-GameTest.release.xcconfig"; path = "Pods/Target Support Files/Pods-GameTest/Pods-GameTest.release.xcconfig"; sourceTree = "<group>"; };
		7CCF7A971EF7E3C6005EFF28 /* GameTest.app */ = {isa = PBXFileReference; explicitFileType = wrapper.application; includeInIndex = 0; path = GameTest.app; sourceTree = BUILT_PRODUCTS_DIR; };
		7CCF7A9A1EF7E3C6005EFF28 /* AppDelegate.swift */ = {isa = PBXFileReference; lastKnownFileType = sourcecode.swift; path = AppDelegate.swift; sourceTree = "<group>"; };
		7CCF7A9C1EF7E3C6005EFF28 /* ViewController.swift */ = {isa = PBXFileReference; lastKnownFileType = sourcecode.swift; path = ViewController.swift; sourceTree = "<group>"; };
		7CCF7A9F1EF7E3C6005EFF28 /* Base */ = {isa = PBXFileReference; lastKnownFileType = file.storyboard; name = Base; path = Base.lproj/Main.storyboard; sourceTree = "<group>"; };
		7CCF7AA21EF7E3C6005EFF28 /* GameTest.xcdatamodel */ = {isa = PBXFileReference; lastKnownFileType = wrapper.xcdatamodel; path = GameTest.xcdatamodel; sourceTree = "<group>"; };
		7CCF7AA41EF7E3C6005EFF28 /* Assets.xcassets */ = {isa = PBXFileReference; lastKnownFileType = folder.assetcatalog; path = Assets.xcassets; sourceTree = "<group>"; };
		7CCF7AA71EF7E3C6005EFF28 /* Base */ = {isa = PBXFileReference; lastKnownFileType = file.storyboard; name = Base; path = Base.lproj/LaunchScreen.storyboard; sourceTree = "<group>"; };
		7CCF7AA91EF7E3C6005EFF28 /* Info.plist */ = {isa = PBXFileReference; lastKnownFileType = text.plist.xml; path = Info.plist; sourceTree = "<group>"; };
		7CCF7AC11EFAA829005EFF28 /* default_down.png */ = {isa = PBXFileReference; lastKnownFileType = image.png; path = default_down.png; sourceTree = "<group>"; };
		7CCF7AC21EFAA829005EFF28 /* ZHDropDownMenu.swift */ = {isa = PBXFileReference; fileEncoding = 4; lastKnownFileType = sourcecode.swift; path = ZHDropDownMenu.swift; sourceTree = "<group>"; };
		7CCF7AC51F03D101005EFF28 /* ViewControllerTest1.swift */ = {isa = PBXFileReference; fileEncoding = 4; lastKnownFileType = sourcecode.swift; path = ViewControllerTest1.swift; sourceTree = "<group>"; };
		7CCFBE1F1F13974B00C661CA /* ViewControllerTest2.swift */ = {isa = PBXFileReference; fileEncoding = 4; lastKnownFileType = sourcecode.swift; path = ViewControllerTest2.swift; sourceTree = "<group>"; };
		7CCFBE211F164A9B00C661CA /* ViewControllerTest3.swift */ = {isa = PBXFileReference; fileEncoding = 4; lastKnownFileType = sourcecode.swift; path = ViewControllerTest3.swift; sourceTree = "<group>"; };
		7CCFBE241F18F0D800C661CA /* myIcon.png */ = {isa = PBXFileReference; lastKnownFileType = image.png; path = myIcon.png; sourceTree = "<group>"; };
		7CCFBE261F18F0E000C661CA /* myIcon2png.png */ = {isa = PBXFileReference; lastKnownFileType = image.png; path = myIcon2png.png; sourceTree = "<group>"; };
		7CCFBE291F18F3CE00C661CA /* i7+-1.png */ = {isa = PBXFileReference; lastKnownFileType = image.png; path = "i7+-1.png"; sourceTree = "<group>"; };
		7CCFBE2A1F18F3CE00C661CA /* i7-1.png */ = {isa = PBXFileReference; lastKnownFileType = image.png; path = "i7-1.png"; sourceTree = "<group>"; };
		7CCFBE2B1F18F3CE00C661CA /* i7-2.png */ = {isa = PBXFileReference; lastKnownFileType = image.png; path = "i7-2.png"; sourceTree = "<group>"; };
		7CCFBE2C1F18F3CE00C661CA /* i7+-2.png */ = {isa = PBXFileReference; lastKnownFileType = image.png; path = "i7+-2.png"; sourceTree = "<group>"; };
		7CCFBE2D1F18F3CE00C661CA /* i7+-3.png */ = {isa = PBXFileReference; lastKnownFileType = image.png; path = "i7+-3.png"; sourceTree = "<group>"; };
		7CCFBE2E1F18F3CE00C661CA /* i7-3.png */ = {isa = PBXFileReference; lastKnownFileType = image.png; path = "i7-3.png"; sourceTree = "<group>"; };
		7CCFBE2F1F18F3CE00C661CA /* i7-4.png */ = {isa = PBXFileReference; lastKnownFileType = image.png; path = "i7-4.png"; sourceTree = "<group>"; };
		7CCFBE301F18F3CE00C661CA /* i7+-4.png */ = {isa = PBXFileReference; lastKnownFileType = image.png; path = "i7+-4.png"; sourceTree = "<group>"; };
		7CCFBE311F18F3CE00C661CA /* i7+-5.png */ = {isa = PBXFileReference; lastKnownFileType = image.png; path = "i7+-5.png"; sourceTree = "<group>"; };
		7CCFBE321F18F3CE00C661CA /* i7-5.png */ = {isa = PBXFileReference; lastKnownFileType = image.png; path = "i7-5.png"; sourceTree = "<group>"; };
		8E5A3B046774044D0ACFA23B /* Pods-GameTest.debug.xcconfig */ = {isa = PBXFileReference; includeInIndex = 1; lastKnownFileType = text.xcconfig; name = "Pods-GameTest.debug.xcconfig"; path = "Pods/Target Support Files/Pods-GameTest/Pods-GameTest.debug.xcconfig"; sourceTree = "<group>"; };
		9A680D496B460C4F6B058EF6 /* Pods_GameTest.framework */ = {isa = PBXFileReference; explicitFileType = wrapper.framework; includeInIndex = 0; path = Pods_GameTest.framework; sourceTree = BUILT_PRODUCTS_DIR; };
/* End PBXFileReference section */

/* Begin PBXFrameworksBuildPhase section */
		7CCF7A941EF7E3C6005EFF28 /* Frameworks */ = {
			isa = PBXFrameworksBuildPhase;
			buildActionMask = 2147483647;
			files = (
				8BD892F7E9BE3C09847DB9DD /* Pods_GameTest.framework in Frameworks */,
			);
			runOnlyForDeploymentPostprocessing = 0;
		};
/* End PBXFrameworksBuildPhase section */

/* Begin PBXGroup section */
		160C1C2E30D8050089631219 /* Pods */ = {
			isa = PBXGroup;
			children = (
				8E5A3B046774044D0ACFA23B /* Pods-GameTest.debug.xcconfig */,
				740AF870DE8E8B1BF1C28A7E /* Pods-GameTest.release.xcconfig */,
			);
			name = Pods;
			sourceTree = "<group>";
		};
		7A58E727732E73C5B5ED80D2 /* Frameworks */ = {
			isa = PBXGroup;
			children = (
				9A680D496B460C4F6B058EF6 /* Pods_GameTest.framework */,
			);
			name = Frameworks;
			sourceTree = "<group>";
		};
		7CCF7A8E1EF7E3C6005EFF28 = {
			isa = PBXGroup;
			children = (
				7CCF7A991EF7E3C6005EFF28 /* GameTest */,
				7CCF7A981EF7E3C6005EFF28 /* Products */,
				160C1C2E30D8050089631219 /* Pods */,
				7A58E727732E73C5B5ED80D2 /* Frameworks */,
			);
			sourceTree = "<group>";
		};
		7CCF7A981EF7E3C6005EFF28 /* Products */ = {
			isa = PBXGroup;
			children = (
				7CCF7A971EF7E3C6005EFF28 /* GameTest.app */,
			);
			name = Products;
			sourceTree = "<group>";
		};
		7CCF7A991EF7E3C6005EFF28 /* GameTest */ = {
			isa = PBXGroup;
			children = (
				7CCFBE281F18F2EA00C661CA /* simulatorimage */,
				7CCFBE231F18F0B700C661CA /* Image */,
				7CCF7AC01EFAA829005EFF28 /* ZHDropDownMenu */,
				7CCF7A9A1EF7E3C6005EFF28 /* AppDelegate.swift */,
				7CCF7A9E1EF7E3C6005EFF28 /* Main.storyboard */,
				7CCF7AA41EF7E3C6005EFF28 /* Assets.xcassets */,
				7CCF7AA61EF7E3C6005EFF28 /* LaunchScreen.storyboard */,
				7CCF7AA91EF7E3C6005EFF28 /* Info.plist */,
				7CCF7AA11EF7E3C6005EFF28 /* GameTest.xcdatamodeld */,
				7CCF7A9C1EF7E3C6005EFF28 /* ViewController.swift */,
				7CCF7AC51F03D101005EFF28 /* ViewControllerTest1.swift */,
				7CCFBE1F1F13974B00C661CA /* ViewControllerTest2.swift */,
				7CCFBE211F164A9B00C661CA /* ViewControllerTest3.swift */,
			);
			path = GameTest;
			sourceTree = "<group>";
		};
		7CCF7AC01EFAA829005EFF28 /* ZHDropDownMenu */ = {
			isa = PBXGroup;
			children = (
				7CCF7AC11EFAA829005EFF28 /* default_down.png */,
				7CCF7AC21EFAA829005EFF28 /* ZHDropDownMenu.swift */,
			);
			path = ZHDropDownMenu;
			sourceTree = "<group>";
		};
		7CCFBE231F18F0B700C661CA /* Image */ = {
			isa = PBXGroup;
			children = (
				7CCFBE261F18F0E000C661CA /* myIcon2png.png */,
				7CCFBE241F18F0D800C661CA /* myIcon.png */,
			);
			name = Image;
			sourceTree = "<group>";
		};
		7CCFBE281F18F2EA00C661CA /* simulatorimage */ = {
			isa = PBXGroup;
			children = (
				7CCFBE291F18F3CE00C661CA /* i7+-1.png */,
				7CCFBE2A1F18F3CE00C661CA /* i7-1.png */,
				7CCFBE2B1F18F3CE00C661CA /* i7-2.png */,
				7CCFBE2C1F18F3CE00C661CA /* i7+-2.png */,
				7CCFBE2D1F18F3CE00C661CA /* i7+-3.png */,
				7CCFBE2E1F18F3CE00C661CA /* i7-3.png */,
				7CCFBE2F1F18F3CE00C661CA /* i7-4.png */,
				7CCFBE301F18F3CE00C661CA /* i7+-4.png */,
				7CCFBE311F18F3CE00C661CA /* i7+-5.png */,
				7CCFBE321F18F3CE00C661CA /* i7-5.png */,
			);
			name = simulatorimage;
			sourceTree = "<group>";
		};
/* End PBXGroup section */

/* Begin PBXNativeTarget section */
		7CCF7A961EF7E3C6005EFF28 /* GameTest */ = {
			isa = PBXNativeTarget;
			buildConfigurationList = 7CCF7AAC1EF7E3C6005EFF28 /* Build configuration list for PBXNativeTarget "GameTest" */;
			buildPhases = (
				1C39275420F045DC23BDBB38 /* [CP] Check Pods Manifest.lock */,
				7CCF7A931EF7E3C6005EFF28 /* Sources */,
				7CCF7A941EF7E3C6005EFF28 /* Frameworks */,
				7CCF7A951EF7E3C6005EFF28 /* Resources */,
				FF18323D83387B906CDAB19F /* [CP] Embed Pods Frameworks */,
				DCF4DBCA4484C89B0DBE7B8C /* [CP] Copy Pods Resources */,
			);
			buildRules = (
			);
			dependencies = (
			);
			name = GameTest;
			productName = GameTest;
			productReference = 7CCF7A971EF7E3C6005EFF28 /* GameTest.app */;
			productType = "com.apple.product-type.application";
		};
/* End PBXNativeTarget section */

/* Begin PBXProject section */
		7CCF7A8F1EF7E3C6005EFF28 /* Project object */ = {
			isa = PBXProject;
			attributes = {
				LastSwiftUpdateCheck = 0830;
				LastUpgradeCheck = 0830;
				ORGANIZATIONNAME = fmlin;
				TargetAttributes = {
					7CCF7A961EF7E3C6005EFF28 = {
						CreatedOnToolsVersion = 8.3.3;
						ProvisioningStyle = Automatic;
					};
				};
			};
			buildConfigurationList = 7CCF7A921EF7E3C6005EFF28 /* Build configuration list for PBXProject "GameTest" */;
			compatibilityVersion = "Xcode 3.2";
			developmentRegion = English;
			hasScannedForEncodings = 0;
			knownRegions = (
				en,
				Base,
			);
			mainGroup = 7CCF7A8E1EF7E3C6005EFF28;
			productRefGroup = 7CCF7A981EF7E3C6005EFF28 /* Products */;
			projectDirPath = "";
			projectRoot = "";
			targets = (
				7CCF7A961EF7E3C6005EFF28 /* GameTest */,
			);
		};
/* End PBXProject section */

/* Begin PBXResourcesBuildPhase section */
		7CCF7A951EF7E3C6005EFF28 /* Resources */ = {
			isa = PBXResourcesBuildPhase;
			buildActionMask = 2147483647;
			files = (
				7CCFBE251F18F0D800C661CA /* myIcon.png in Resources */,
				7CCFBE341F18F3CE00C661CA /* i7-1.png in Resources */,
				7CCFBE351F18F3CE00C661CA /* i7-2.png in Resources */,
				7CCFBE371F18F3CE00C661CA /* i7+-3.png in Resources */,
				7CCFBE271F18F0E000C661CA /* myIcon2png.png in Resources */,
				7CCF7AA81EF7E3C6005EFF28 /* LaunchScreen.storyboard in Resources */,
				7CCF7AA51EF7E3C6005EFF28 /* Assets.xcassets in Resources */,
				7CCFBE3B1F18F3CE00C661CA /* i7+-5.png in Resources */,
				7CCFBE391F18F3CE00C661CA /* i7-4.png in Resources */,
				7CCF7AA01EF7E3C6005EFF28 /* Main.storyboard in Resources */,
				7CCFBE331F18F3CE00C661CA /* i7+-1.png in Resources */,
				7CCFBE3A1F18F3CE00C661CA /* i7+-4.png in Resources */,
				7CCFBE361F18F3CE00C661CA /* i7+-2.png in Resources */,
				7CCFBE3C1F18F3CE00C661CA /* i7-5.png in Resources */,
				7CCF7AC31EFAA829005EFF28 /* default_down.png in Resources */,
				7CCFBE381F18F3CE00C661CA /* i7-3.png in Resources */,
			);
			runOnlyForDeploymentPostprocessing = 0;
		};
/* End PBXResourcesBuildPhase section */

/* Begin PBXShellScriptBuildPhase section */
		1C39275420F045DC23BDBB38 /* [CP] Check Pods Manifest.lock */ = {
			isa = PBXShellScriptBuildPhase;
			buildActionMask = 2147483647;
			files = (
			);
			inputPaths = (
			);
			name = "[CP] Check Pods Manifest.lock";
			outputPaths = (
			);
			runOnlyForDeploymentPostprocessing = 0;
			shellPath = /bin/sh;
			shellScript = "diff \"${PODS_PODFILE_DIR_PATH}/Podfile.lock\" \"${PODS_ROOT}/Manifest.lock\" > /dev/null\nif [ $? != 0 ] ; then\n    # print error to STDERR\n    echo \"error: The sandbox is not in sync with the Podfile.lock. Run 'pod install' or update your CocoaPods installation.\" >&2\n    exit 1\nfi\n";
			showEnvVarsInLog = 0;
		};
		DCF4DBCA4484C89B0DBE7B8C /* [CP] Copy Pods Resources */ = {
			isa = PBXShellScriptBuildPhase;
			buildActionMask = 2147483647;
			files = (
			);
			inputPaths = (
			);
			name = "[CP] Copy Pods Resources";
			outputPaths = (
			);
			runOnlyForDeploymentPostprocessing = 0;
			shellPath = /bin/sh;
			shellScript = "\"${SRCROOT}/Pods/Target Support Files/Pods-GameTest/Pods-GameTest-resources.sh\"\n";
			showEnvVarsInLog = 0;
		};
		FF18323D83387B906CDAB19F /* [CP] Embed Pods Frameworks */ = {
			isa = PBXShellScriptBuildPhase;
			buildActionMask = 2147483647;
			files = (
			);
			inputPaths = (
			);
			name = "[CP] Embed Pods Frameworks";
			outputPaths = (
			);
			runOnlyForDeploymentPostprocessing = 0;
			shellPath = /bin/sh;
			shellScript = "\"${SRCROOT}/Pods/Target Support Files/Pods-GameTest/Pods-GameTest-frameworks.sh\"\n";
			showEnvVarsInLog = 0;
		};
/* End PBXShellScriptBuildPhase section */

/* Begin PBXSourcesBuildPhase section */
		7CCF7A931EF7E3C6005EFF28 /* Sources */ = {
			isa = PBXSourcesBuildPhase;
			buildActionMask = 2147483647;
			files = (
				7CCF7AC61F03D101005EFF28 /* ViewControllerTest1.swift in Sources */,
				7CCF7A9D1EF7E3C6005EFF28 /* ViewController.swift in Sources */,
				7CCF7A9B1EF7E3C6005EFF28 /* AppDelegate.swift in Sources */,
				7CCF7AA31EF7E3C6005EFF28 /* GameTest.xcdatamodeld in Sources */,
				7CCFBE221F164A9B00C661CA /* ViewControllerTest3.swift in Sources */,
				7CCF7AC41EFAA829005EFF28 /* ZHDropDownMenu.swift in Sources */,
				7CCFBE201F13974B00C661CA /* ViewControllerTest2.swift in Sources */,
			);
			runOnlyForDeploymentPostprocessing = 0;
		};
/* End PBXSourcesBuildPhase section */

/* Begin PBXVariantGroup section */
		7CCF7A9E1EF7E3C6005EFF28 /* Main.storyboard */ = {
			isa = PBXVariantGroup;
			children = (
				7CCF7A9F1EF7E3C6005EFF28 /* Base */,
			);
			name = Main.storyboard;
			sourceTree = "<group>";
		};
		7CCF7AA61EF7E3C6005EFF28 /* LaunchScreen.storyboard */ = {
			isa = PBXVariantGroup;
			children = (
				7CCF7AA71EF7E3C6005EFF28 /* Base */,
			);
			name = LaunchScreen.storyboard;
			sourceTree = "<group>";
		};
/* End PBXVariantGroup section */

/* Begin XCBuildConfiguration section */
		7CCF7AAA1EF7E3C6005EFF28 /* Debug */ = {
			isa = XCBuildConfiguration;
			buildSettings = {
				ALWAYS_SEARCH_USER_PATHS = NO;
				CLANG_ANALYZER_NONNULL = YES;
				CLANG_ANALYZER_NUMBER_OBJECT_CONVERSION = YES_AGGRESSIVE;
				CLANG_CXX_LANGUAGE_STANDARD = "gnu++0x";
				CLANG_CXX_LIBRARY = "libc++";
				CLANG_ENABLE_MODULES = YES;
				CLANG_ENABLE_OBJC_ARC = YES;
				CLANG_WARN_BOOL_CONVERSION = YES;
				CLANG_WARN_CONSTANT_CONVERSION = YES;
				CLANG_WARN_DIRECT_OBJC_ISA_USAGE = YES_ERROR;
				CLANG_WARN_DOCUMENTATION_COMMENTS = YES;
				CLANG_WARN_EMPTY_BODY = YES;
				CLANG_WARN_ENUM_CONVERSION = YES;
				CLANG_WARN_INFINITE_RECURSION = YES;
				CLANG_WARN_INT_CONVERSION = YES;
				CLANG_WARN_OBJC_ROOT_CLASS = YES_ERROR;
				CLANG_WARN_SUSPICIOUS_MOVE = YES;
				CLANG_WARN_UNREACHABLE_CODE = YES;
				CLANG_WARN__DUPLICATE_METHOD_MATCH = YES;
				"CODE_SIGN_IDENTITY[sdk=iphoneos*]" = "iPhone Developer";
				COPY_PHASE_STRIP = NO;
				DEBUG_INFORMATION_FORMAT = dwarf;
				ENABLE_STRICT_OBJC_MSGSEND = YES;
				ENABLE_TESTABILITY = YES;
				GCC_C_LANGUAGE_STANDARD = gnu99;
				GCC_DYNAMIC_NO_PIC = NO;
				GCC_NO_COMMON_BLOCKS = YES;
				GCC_OPTIMIZATION_LEVEL = 0;
				GCC_PREPROCESSOR_DEFINITIONS = (
					"DEBUG=1",
					"$(inherited)",
				);
				GCC_WARN_64_TO_32_BIT_CONVERSION = YES;
				GCC_WARN_ABOUT_RETURN_TYPE = YES_ERROR;
				GCC_WARN_UNDECLARED_SELECTOR = YES;
				GCC_WARN_UNINITIALIZED_AUTOS = YES_AGGRESSIVE;
				GCC_WARN_UNUSED_FUNCTION = YES;
				GCC_WARN_UNUSED_VARIABLE = YES;
				IPHONEOS_DEPLOYMENT_TARGET = 10.3;
				MTL_ENABLE_DEBUG_INFO = YES;
				ONLY_ACTIVE_ARCH = YES;
				SDKROOT = iphoneos;
				SWIFT_ACTIVE_COMPILATION_CONDITIONS = DEBUG;
				SWIFT_OPTIMIZATION_LEVEL = "-Onone";
			};
			name = Debug;
		};
		7CCF7AAB1EF7E3C6005EFF28 /* Release */ = {
			isa = XCBuildConfiguration;
			buildSettings = {
				ALWAYS_SEARCH_USER_PATHS = NO;
				CLANG_ANALYZER_NONNULL = YES;
				CLANG_ANALYZER_NUMBER_OBJECT_CONVERSION = YES_AGGRESSIVE;
				CLANG_CXX_LANGUAGE_STANDARD = "gnu++0x";
				CLANG_CXX_LIBRARY = "libc++";
				CLANG_ENABLE_MODULES = YES;
				CLANG_ENABLE_OBJC_ARC = YES;
				CLANG_WARN_BOOL_CONVERSION = YES;
				CLANG_WARN_CONSTANT_CONVERSION = YES;
				CLANG_WARN_DIRECT_OBJC_ISA_USAGE = YES_ERROR;
				CLANG_WARN_DOCUMENTATION_COMMENTS = YES;
				CLANG_WARN_EMPTY_BODY = YES;
				CLANG_WARN_ENUM_CONVERSION = YES;
				CLANG_WARN_INFINITE_RECURSION = YES;
				CLANG_WARN_INT_CONVERSION = YES;
				CLANG_WARN_OBJC_ROOT_CLASS = YES_ERROR;
				CLANG_WARN_SUSPICIOUS_MOVE = YES;
				CLANG_WARN_UNREACHABLE_CODE = YES;
				CLANG_WARN__DUPLICATE_METHOD_MATCH = YES;
				"CODE_SIGN_IDENTITY[sdk=iphoneos*]" = "iPhone Developer";
				COPY_PHASE_STRIP = NO;
				DEBUG_INFORMATION_FORMAT = "dwarf-with-dsym";
				ENABLE_NS_ASSERTIONS = NO;
				ENABLE_STRICT_OBJC_MSGSEND = YES;
				GCC_C_LANGUAGE_STANDARD = gnu99;
				GCC_NO_COMMON_BLOCKS = YES;
				GCC_WARN_64_TO_32_BIT_CONVERSION = YES;
				GCC_WARN_ABOUT_RETURN_TYPE = YES_ERROR;
				GCC_WARN_UNDECLARED_SELECTOR = YES;
				GCC_WARN_UNINITIALIZED_AUTOS = YES_AGGRESSIVE;
				GCC_WARN_UNUSED_FUNCTION = YES;
				GCC_WARN_UNUSED_VARIABLE = YES;
				IPHONEOS_DEPLOYMENT_TARGET = 10.3;
				MTL_ENABLE_DEBUG_INFO = NO;
				SDKROOT = iphoneos;
				SWIFT_OPTIMIZATION_LEVEL = "-Owholemodule";
				VALIDATE_PRODUCT = YES;
			};
			name = Release;
		};
		7CCF7AAD1EF7E3C6005EFF28 /* Debug */ = {
			isa = XCBuildConfiguration;
			baseConfigurationReference = 8E5A3B046774044D0ACFA23B /* Pods-GameTest.debug.xcconfig */;
			buildSettings = {
				ASSETCATALOG_COMPILER_APPICON_NAME = AppIcon;
				INFOPLIST_FILE = GameTest/Info.plist;
				IPHONEOS_DEPLOYMENT_TARGET = 10.0;
				LD_RUNPATH_SEARCH_PATHS = "$(inherited) @executable_path/Frameworks";
				PRODUCT_BUNDLE_IDENTIFIER = wayne.com.GameTest;
				PRODUCT_NAME = "$(TARGET_NAME)";
				SWIFT_VERSION = 3.0;
			};
			name = Debug;
		};
		7CCF7AAE1EF7E3C6005EFF28 /* Release */ = {
			isa = XCBuildConfiguration;
			baseConfigurationReference = 740AF870DE8E8B1BF1C28A7E /* Pods-GameTest.release.xcconfig */;
			buildSettings = {
				ASSETCATALOG_COMPILER_APPICON_NAME = AppIcon;
				INFOPLIST_FILE = GameTest/Info.plist;
				IPHONEOS_DEPLOYMENT_TARGET = 10.0;
				LD_RUNPATH_SEARCH_PATHS = "$(inherited) @executable_path/Frameworks";
				PRODUCT_BUNDLE_IDENTIFIER = wayne.com.GameTest;
				PRODUCT_NAME = "$(TARGET_NAME)";
				SWIFT_VERSION = 3.0;
			};
			name = Release;
		};
/* End XCBuildConfiguration section */

/* Begin XCConfigurationList section */
		7CCF7A921EF7E3C6005EFF28 /* Build configuration list for PBXProject "GameTest" */ = {
			isa = XCConfigurationList;
			buildConfigurations = (
				7CCF7AAA1EF7E3C6005EFF28 /* Debug */,
				7CCF7AAB1EF7E3C6005EFF28 /* Release */,
			);
			defaultConfigurationIsVisible = 0;
			defaultConfigurationName = Release;
		};
		7CCF7AAC1EF7E3C6005EFF28 /* Build configuration list for PBXNativeTarget "GameTest" */ = {
			isa = XCConfigurationList;
			buildConfigurations = (
				7CCF7AAD1EF7E3C6005EFF28 /* Debug */,
				7CCF7AAE1EF7E3C6005EFF28 /* Release */,
			);
			defaultConfigurationIsVisible = 0;
			defaultConfigurationName = Release;
		};
/* End XCConfigurationList section */

/* Begin XCVersionGroup section */
		7CCF7AA11EF7E3C6005EFF28 /* GameTest.xcdatamodeld */ = {
			isa = XCVersionGroup;
			children = (
				7CCF7AA21EF7E3C6005EFF28 /* GameTest.xcdatamodel */,
			);
			currentVersion = 7CCF7AA21EF7E3C6005EFF28 /* GameTest.xcdatamodel */;
			path = GameTest.xcdatamodeld;
			sourceTree = "<group>";
			versionGroupType = wrapper.xcdatamodel;
		};
/* End XCVersionGroup section */
	};
	rootObject = 7CCF7A8F1EF7E3C6005EFF28 /* Project object */;
}
